{
  "requires": true,
  "lockfileVersion": 1,
  "dependencies": {
    "amgarrels-palindrome": {
      "version": "0.1.0",
      "resolved": "https://registry.npmjs.org/amgarrels-palindrome/-/amgarrels-palindrome-0.1.0.tgz",
      "integrity": "sha512-n9Rtwe12rhwqidjN2NdJWl2KJ0d01I81qMDg+NtRjBrFyyabtRNYxI0Y+oBo8aW8+Rb8t8+nnzIzmJTpGf9zXA=="
    }
  }
}
